// !$*UTF8*$!
{
	archiveVersion = 1;
	classes = {
	};
	objectVersion = 50;
	objects = {

/* Begin PBXBuildFile section */
		B5339ADA23F7298F0025ED43 /* AppDelegate.swift in Sources */ = {isa = PBXBuildFile; fileRef = B5339AD923F7298F0025ED43 /* AppDelegate.swift */; };
		B5339ADC23F7298F0025ED43 /* SceneDelegate.swift in Sources */ = {isa = PBXBuildFile; fileRef = B5339ADB23F7298F0025ED43 /* SceneDelegate.swift */; };
		B5339ADE23F7298F0025ED43 /* ViewController.swift in Sources */ = {isa = PBXBuildFile; fileRef = B5339ADD23F7298F0025ED43 /* ViewController.swift */; };
		B5339AE123F7298F0025ED43 /* Main.storyboard in Resources */ = {isa = PBXBuildFile; fileRef = B5339ADF23F7298F0025ED43 /* Main.storyboard */; };
		B5339AE323F729910025ED43 /* Assets.xcassets in Resources */ = {isa = PBXBuildFile; fileRef = B5339AE223F729910025ED43 /* Assets.xcassets */; };
		B5339AE623F729910025ED43 /* LaunchScreen.storyboard in Resources */ = {isa = PBXBuildFile; fileRef = B5339AE423F729910025ED43 /* LaunchScreen.storyboard */; };
		B5339AEE23F729E20025ED43 /* GithubApi.swift in Sources */ = {isa = PBXBuildFile; fileRef = B5339AED23F729E20025ED43 /* GithubApi.swift */; };
/* End PBXBuildFile section */

/* Begin PBXFileReference section */
		B5339AD623F7298F0025ED43 /* combineUIKit2.app */ = {isa = PBXFileReference; explicitFileType = wrapper.application; includeInIndex = 0; path = combineUIKit2.app; sourceTree = BUILT_PRODUCTS_DIR; };
		B5339AD923F7298F0025ED43 /* AppDelegate.swift */ = {isa = PBXFileReference; lastKnownFileType = sourcecode.swift; path = AppDelegate.swift; sourceTree = "<group>"; };
		B5339ADB23F7298F0025ED43 /* SceneDelegate.swift */ = {isa = PBXFileReference; lastKnownFileType = sourcecode.swift; path = SceneDelegate.swift; sourceTree = "<group>"; };
		B5339ADD23F7298F0025ED43 /* ViewController.swift */ = {isa = PBXFileReference; lastKnownFileType = sourcecode.swift; path = ViewController.swift; sourceTree = "<group>"; };
		B5339AE023F7298F0025ED43 /* Base */ = {isa = PBXFileReference; lastKnownFileType = file.storyboard; name = Base; path = Base.lproj/Main.storyboard; sourceTree = "<group>"; };
		B5339AE223F729910025ED43 /* Assets.xcassets */ = {isa = PBXFileReference; lastKnownFileType = folder.assetcatalog; path = Assets.xcassets; sourceTree = "<group>"; };
		B5339AE523F729910025ED43 /* Base */ = {isa = PBXFileReference; lastKnownFileType = file.storyboard; name = Base; path = Base.lproj/LaunchScreen.storyboard; sourceTree = "<group>"; };
		B5339AE723F729910025ED43 /* Info.plist */ = {isa = PBXFileReference; lastKnownFileType = text.plist.xml; path = Info.plist; sourceTree = "<group>"; };
		B5339AED23F729E20025ED43 /* GithubApi.swift */ = {isa = PBXFileReference; lastKnownFileType = sourcecode.swift; path = GithubApi.swift; sourceTree = "<group>"; };
/* End PBXFileReference section */

/* Begin PBXFrameworksBuildPhase section */
		B5339AD323F7298F0025ED43 /* Frameworks */ = {
			isa = PBXFrameworksBuildPhase;
			buildActionMask = 2147483647;
			files = (
			);
			runOnlyForDeploymentPostprocessing = 0;
		};
/* End PBXFrameworksBuildPhase section */

/* Begin PBXGroup section */
		B5339ACD23F7298F0025ED43 = {
			isa = PBXGroup;
			children = (
				B5339AD823F7298F0025ED43 /* combineUIKit2 */,
				B5339AD723F7298F0025ED43 /* Products */,
			);
			sourceTree = "<group>";
		};
		B5339AD723F7298F0025ED43 /* Products */ = {
			isa = PBXGroup;
			children = (
				B5339AD623F7298F0025ED43 /* combineUIKit2.app */,
			);
			name = Products;
			sourceTree = "<group>";
		};
		B5339AD823F7298F0025ED43 /* combineUIKit2 */ = {
			isa = PBXGroup;
			children = (
				B5339AD923F7298F0025ED43 /* AppDelegate.swift */,
				B5339ADB23F7298F0025ED43 /* SceneDelegate.swift */,
				B5339ADD23F7298F0025ED43 /* ViewController.swift */,
				B5339ADF23F7298F0025ED43 /* Main.storyboard */,
				B5339AE223F729910025ED43 /* Assets.xcassets */,
				B5339AE423F729910025ED43 /* LaunchScreen.storyboard */,
				B5339AE723F729910025ED43 /* Info.plist */,
				B5339AED23F729E20025ED43 /* GithubApi.swift */,
			);
			path = combineUIKit2;
			sourceTree = "<group>";
		};
/* End PBXGroup section */

/* Begin PBXNativeTarget section */
		B5339AD523F7298F0025ED43 /* combineUIKit2 */ = {
			isa = PBXNativeTarget;
			buildConfigurationList = B5339AEA23F729910025ED43 /* Build configuration list for PBXNativeTarget "combineUIKit2" */;
			buildPhases = (
				B5339AD223F7298F0025ED43 /* Sources */,
				B5339AD323F7298F0025ED43 /* Frameworks */,
				B5339AD423F7298F0025ED43 /* Resources */,
			);
			buildRules = (
			);
			dependencies = (
			);
			name = combineUIKit2;
			productName = combineUIKit2;
			productReference = B5339AD623F7298F0025ED43 /* combineUIKit2.app */;
			productType = "com.apple.product-type.application";
		};
/* End PBXNativeTarget section */

/* Begin PBXProject section */
		B5339ACE23F7298F0025ED43 /* Project object */ = {
			isa = PBXProject;
			attributes = {
				LastSwiftUpdateCheck = 1130;
				LastUpgradeCheck = 1130;
				ORGANIZATIONNAME = "JB Gill";
				TargetAttributes = {
					B5339AD523F7298F0025ED43 = {
						CreatedOnToolsVersion = 11.3.1;
					};
				};
			};
			buildConfigurationList = B5339AD123F7298F0025ED43 /* Build configuration list for PBXProject "combineUIKit2" */;
			compatibilityVersion = "Xcode 9.3";
			developmentRegion = en;
			hasScannedForEncodings = 0;
			knownRegions = (
				en,
				Base,
			);
			mainGroup = B5339ACD23F7298F0025ED43;
			productRefGroup = B5339AD723F7298F0025ED43 /* Products */;
			projectDirPath = "";
			projectRoot = "";
			targets = (
				B5339AD523F7298F0025ED43 /* combineUIKit2 */,
			);
		};
/* End PBXProject section */

/* Begin PBXResourcesBuildPhase section */
		B5339AD423F7298F0025ED43 /* Resources */ = {
			isa = PBXResourcesBuildPhase;
			buildActionMask = 2147483647;
			files = (
				B5339AE623F729910025ED43 /* LaunchScreen.storyboard in Resources */,
				B5339AE323F729910025ED43 /* Assets.xcassets in Resources */,
				B5339AE123F7298F0025ED43 /* Main.storyboard in Resources */,
			);
			runOnlyForDeploymentPostprocessing = 0;
		};
/* End PBXResourcesBuildPhase section */

/* Begin PBXSourcesBuildPhase section */
		B5339AD223F7298F0025ED43 /* Sources */ = {
			isa = PBXSourcesBuildPhase;
			buildActionMask = 2147483647;
			files = (
				B5339ADE23F7298F0025ED43 /* ViewController.swift in Sources */,
				B5339ADA23F7298F0025ED43 /* AppDelegate.swift in Sources */,
				B5339ADC23F7298F0025ED43 /* SceneDelegate.swift in Sources */,
				B5339AEE23F729E20025ED43 /* GithubApi.swift in Sources */,
			);
			runOnlyForDeploymentPostprocessing = 0;
		};
/* End PBXSourcesBuildPhase section */

/* Begin PBXVariantGroup section */
		B5339ADF23F7298F0025ED43 /* Main.storyboard */ = {
			isa = PBXVariantGroup;
			children = (
				B5339AE023F7298F0025ED43 /* Base */,
			);
			name = Main.storyboard;
			sourceTree = "<group>";
		};
		B5339AE423F729910025ED43 /* LaunchScreen.storyboard */ = {
			isa = PBXVariantGroup;
			children = (
				B5339AE523F729910025ED43 /* Base */,
			);
			name = LaunchScreen.storyboard;
			sourceTree = "<group>";
		};
/* End PBXVariantGroup section */

/* Begin XCBuildConfiguration section */
		B5339AE823F729910025ED43 /* Debug */ = {
			isa = XCBuildConfiguration;
			buildSettings = {
				ALWAYS_SEARCH_USER_PATHS = NO;
				CLANG_ANALYZER_NONNULL = YES;
				CLANG_ANALYZER_NUMBER_OBJECT_CONVERSION = YES_AGGRESSIVE;
				CLANG_CXX_LANGUAGE_STANDARD = "gnu++14";
				CLANG_CXX_LIBRARY = "libc++";
				CLANG_ENABLE_MODULES = YES;
				CLANG_ENABLE_OBJC_ARC = YES;
				CLANG_ENABLE_OBJC_WEAK = YES;
				CLANG_WARN_BLOCK_CAPTURE_AUTORELEASING = YES;
				CLANG_WARN_BOOL_CONVERSION = YES;
				CLANG_WARN_COMMA = YES;
				CLANG_WARN_CONSTANT_CONVERSION = YES;
				CLANG_WARN_DEPRECATED_OBJC_IMPLEMENTATIONS = YES;
				CLANG_WARN_DIRECT_OBJC_ISA_USAGE = YES_ERROR;
				CLANG_WARN_DOCUMENTATION_COMMENTS = YES;
				CLANG_WARN_EMPTY_BODY = YES;
				CLANG_WARN_ENUM_CONVERSION = YES;
				CLANG_WARN_INFINITE_RECURSION = YES;
				CLANG_WARN_INT_CONVERSION = YES;
				CLANG_WARN_NON_LITERAL_NULL_CONVERSION = YES;
				CLANG_WARN_OBJC_IMPLICIT_RETAIN_SELF = YES;
				CLANG_WARN_OBJC_LITERAL_CONVERSION = YES;
				CLANG_WARN_OBJC_ROOT_CLASS = YES_ERROR;
				CLANG_WARN_RANGE_LOOP_ANALYSIS = YES;
				CLANG_WARN_STRICT_PROTOTYPES = YES;
				CLANG_WARN_SUSPICIOUS_MOVE = YES;
				CLANG_WARN_UNGUARDED_AVAILABILITY = YES_AGGRESSIVE;
				CLANG_WARN_UNREACHABLE_CODE = YES;
				CLANG_WARN__DUPLICATE_METHOD_MATCH = YES;
				COPY_PHASE_STRIP = NO;
				DEBUG_INFORMATION_FORMAT = dwarf;
				ENABLE_STRICT_OBJC_MSGSEND = YES;
				ENABLE_TESTABILITY = YES;
				GCC_C_LANGUAGE_STANDARD = gnu11;
				GCC_DYNAMIC_NO_PIC = NO;
				GCC_NO_COMMON_BLOCKS = YES;
				GCC_OPTIMIZATION_LEVEL = 0;
				GCC_PREPROCESSOR_DEFINITIONS = (
					"DEBUG=1",
					"$(inherited)",
				);
				GCC_WARN_64_TO_32_BIT_CONVERSION = YES;
				GCC_WARN_ABOUT_RETURN_TYPE = YES_ERROR;
				GCC_WARN_UNDECLARED_SELECTOR = YES;
				GCC_WARN_UNINITIALIZED_AUTOS = YES_AGGRESSIVE;
				GCC_WARN_UNUSED_FUNCTION = YES;
				GCC_WARN_UNUSED_VARIABLE = YES;
				IPHONEOS_DEPLOYMENT_TARGET = 13.2;
				MTL_ENABLE_DEBUG_INFO = INCLUDE_SOURCE;
				MTL_FAST_MATH = YES;
				ONLY_ACTIVE_ARCH = YES;
				SDKROOT = iphoneos;
				SWIFT_ACTIVE_COMPILATION_CONDITIONS = DEBUG;
				SWIFT_OPTIMIZATION_LEVEL = "-Onone";
			};
			name = Debug;
		};
		B5339AE923F729910025ED43 /* Release */ = {
			isa = XCBuildConfiguration;
			buildSettings = {
				ALWAYS_SEARCH_USER_PATHS = NO;
				CLANG_ANALYZER_NONNULL = YES;
				CLANG_ANALYZER_NUMBER_OBJECT_CONVERSION = YES_AGGRESSIVE;
				CLANG_CXX_LANGUAGE_STANDARD = "gnu++14";
				CLANG_CXX_LIBRARY = "libc++";
				CLANG_ENABLE_MODULES = YES;
				CLANG_ENABLE_OBJC_ARC = YES;
				CLANG_ENABLE_OBJC_WEAK = YES;
				CLANG_WARN_BLOCK_CAPTURE_AUTORELEASING = YES;
				CLANG_WARN_BOOL_CONVERSION = YES;
				CLANG_WARN_COMMA = YES;
				CLANG_WARN_CONSTANT_CONVERSION = YES;
				CLANG_WARN_DEPRECATED_OBJC_IMPLEMENTATIONS = YES;
				CLANG_WARN_DIRECT_OBJC_ISA_USAGE = YES_ERROR;
				CLANG_WARN_DOCUMENTATION_COMMENTS = YES;
				CLANG_WARN_EMPTY_BODY = YES;
				CLANG_WARN_ENUM_CONVERSION = YES;
				CLANG_WARN_INFINITE_RECURSION = YES;
				CLANG_WARN_INT_CONVERSION = YES;
				CLANG_WARN_NON_LITERAL_NULL_CONVERSION = YES;
				CLANG_WARN_OBJC_IMPLICIT_RETAIN_SELF = YES;
				CLANG_WARN_OBJC_LITERAL_CONVERSION = YES;
				CLANG_WARN_OBJC_ROOT_CLASS = YES_ERROR;
				CLANG_WARN_RANGE_LOOP_ANALYSIS = YES;
				CLANG_WARN_STRICT_PROTOTYPES = YES;
				CLANG_WARN_SUSPICIOUS_MOVE = YES;
				CLANG_WARN_UNGUARDED_AVAILABILITY = YES_AGGRESSIVE;
				CLANG_WARN_UNREACHABLE_CODE = YES;
				CLANG_WARN__DUPLICATE_METHOD_MATCH = YES;
				COPY_PHASE_STRIP = NO;
				DEBUG_INFORMATION_FORMAT = "dwarf-with-dsym";
				ENABLE_NS_ASSERTIONS = NO;
				ENABLE_STRICT_OBJC_MSGSEND = YES;
				GCC_C_LANGUAGE_STANDARD = gnu11;
				GCC_NO_COMMON_BLOCKS = YES;
				GCC_WARN_64_TO_32_BIT_CONVERSION = YES;
				GCC_WARN_ABOUT_RETURN_TYPE = YES_ERROR;
				GCC_WARN_UNDECLARED_SELECTOR = YES;
				GCC_WARN_UNINITIALIZED_AUTOS = YES_AGGRESSIVE;
				GCC_WARN_UNUSED_FUNCTION = YES;
				GCC_WARN_UNUSED_VARIABLE = YES;
				IPHONEOS_DEPLOYMENT_TARGET = 13.2;
				MTL_ENABLE_DEBUG_INFO = NO;
				MTL_FAST_MATH = YES;
				SDKROOT = iphoneos;
				SWIFT_COMPILATION_MODE = wholemodule;
				SWIFT_OPTIMIZATION_LEVEL = "-O";
				VALIDATE_PRODUCT = YES;
			};
			name = Release;
		};
		B5339AEB23F729910025ED43 /* Debug */ = {
			isa = XCBuildConfiguration;
			buildSettings = {
				ASSETCATALOG_COMPILER_APPICON_NAME = AppIcon;
				CODE_SIGN_STYLE = Automatic;
				DEVELOPMENT_TEAM = 57V3N7BVPX;
				INFOPLIST_FILE = combineUIKit2/Info.plist;
				LD_RUNPATH_SEARCH_PATHS = (
					"$(inherited)",
					"@executable_path/Frameworks",
				);
				PRODUCT_BUNDLE_IDENTIFIER = com.jbgillstuff.combineUIKit2;
				PRODUCT_NAME = "$(TARGET_NAME)";
				SWIFT_VERSION = 5.0;
				TARGETED_DEVICE_FAMILY = "1,2";
			};
			name = Debug;
		};
		B5339AEC23F729910025ED43 /* Release */ = {
			isa = XCBuildConfiguration;
			buildSettings = {
				ASSETCATALOG_COMPILER_APPICON_NAME = AppIcon;
				CODE_SIGN_STYLE = Automatic;
				DEVELOPMENT_TEAM = 57V3N7BVPX;
				INFOPLIST_FILE = combineUIKit2/Info.plist;
				LD_RUNPATH_SEARCH_PATHS = (
					"$(inherited)",
					"@executable_path/Frameworks",
				);
				PRODUCT_BUNDLE_IDENTIFIER = com.jbgillstuff.combineUIKit2;
				PRODUCT_NAME = "$(TARGET_NAME)";
				SWIFT_VERSION = 5.0;
				TARGETED_DEVICE_FAMILY = "1,2";
			};
			name = Release;
		};
/* End XCBuildConfiguration section */

/* Begin XCConfigurationList section */
		B5339AD123F7298F0025ED43 /* Build configuration list for PBXProject "combineUIKit2" */ = {
			isa = XCConfigurationList;
			buildConfigurations = (
				B5339AE823F729910025ED43 /* Debug */,
				B5339AE923F729910025ED43 /* Release */,
			);
			defaultConfigurationIsVisible = 0;
			defaultConfigurationName = Release;
		};
		B5339AEA23F729910025ED43 /* Build configuration list for PBXNativeTarget "combineUIKit2" */ = {
			isa = XCConfigurationList;
			buildConfigurations = (
				B5339AEB23F729910025ED43 /* Debug */,
				B5339AEC23F729910025ED43 /* Release */,
			);
			defaultConfigurationIsVisible = 0;
			defaultConfigurationName = Release;
		};
/* End XCConfigurationList section */
	};
	rootObject = B5339ACE23F7298F0025ED43 /* Project object */;
}
